github.com/Azure/azure-pipeline-go v0.1.8 h1:KmVRa8oFMaargVesEuuEoiLCQ4zCCwQ8QX/xg++KS20=
github.com/Azure/azure-pipeline-go v0.1.8/go.mod h1:XA1kFWRVhSK+KNFiOhfv83Fv8L9achrP7OxIzeTn1Yg=
github.com/Azure/azure-storage-blob-go v0.0.0-20181022225951-5152f14ace1c h1:Y5ueznoCekgCWBytF1Q9lTpZ3tJeX37dQtCcGjMCLYI=
github.com/Azure/azure-storage-blob-go v0.0.0-20181022225951-5152f14ace1c/go.mod h1:oGfmITT1V6x//CswqY2gtAHND+xIP64/qL7a5QJix0Y=
github.com/Azure/azure-storage-blob-go v0.0.0-20181023070848-cf01652132cc h1:BElWmFfsryQD72OcovStKpkIcd4e9ozSkdsTNQDSHGk=
github.com/Azure/azure-storage-blob-go v0.0.0-20181023070848-cf01652132cc/go.mod h1:oGfmITT1V6x//CswqY2gtAHND+xIP64/qL7a5QJix0Y=
gopkg.in/check.v1 v1.0.0-20161208181325-20d25e280405/go.mod h1:Co6ibVJAznAaIkqp8huTwlJQCZ016jof/cbN4VW5Yz0=
